
Microsoft Visual Studio Solution File, Format Version 11.00
# Visual Studio 2010
Project("{FAE04EC0-301F-11D3-BF4B-00C04F79EFBC}") = "UnityEngine.TestRunner", "UnityEngine.TestRunner.csproj", "{581c93e5-89c1-0858-f596-9c302f786d40}"
EndProject
Project("{FAE04EC0-301F-11D3-BF4B-00C04F79EFBC}") = "Unity.VisualScripting.Flow", "Unity.VisualScripting.Flow.csproj", "{3da589bd-9340-6bdc-1f7b-f9e407ef6f13}"
EndProject
Project("{FAE04EC0-301F-11D3-BF4B-00C04F79EFBC}") = "Unity.Mathematics", "Unity.Mathematics.csproj", "{94de17ea-9d83-1da1-0635-2a887f8d2d4c}"
EndProject
Project("{FAE04EC0-301F-11D3-BF4B-00C04F79EFBC}") = "Unity.Services.Core.Telemetry", "Unity.Services.Core.Telemetry.csproj", "{b23363cd-c278-c4bd-af2e-b1238a8bd282}"
EndProject
Project("{FAE04EC0-301F-11D3-BF4B-00C04F79EFBC}") = "Unity.VisualScripting.State", "Unity.VisualScripting.State.csproj", "{a6ff2985-4c0f-0397-287a-2562fb01d3e9}"
EndProject
Project("{FAE04EC0-301F-11D3-BF4B-00C04F79EFBC}") = "Unity.VisualScripting.Core", "Unity.VisualScripting.Core.csproj", "{c3da71f4-1d7a-2d29-e94e-8d4103238140}"
EndProject
Project("{FAE04EC0-301F-11D3-BF4B-00C04F79EFBC}") = "Unity.Services.Core.Environments.Internal", "Unity.Services.Core.Environments.Internal.csproj", "{ce941933-8a93-6dd5-e82c-34a7693bd56b}"
EndProject
Project("{FAE04EC0-301F-11D3-BF4B-00C04F79EFBC}") = "Unity.Burst", "Unity.Burst.csproj", "{1d66ccee-df1b-abe9-ea3d-7d063a391ea7}"
EndProject
Project("{FAE04EC0-301F-11D3-BF4B-00C04F79EFBC}") = "Unity.2D.Animation.Runtime", "Unity.2D.Animation.Runtime.csproj", "{91cf6e4f-ab09-90a2-0531-7bef1c5d6b7a}"
EndProject
Project("{FAE04EC0-301F-11D3-BF4B-00C04F79EFBC}") = "Unity.TextMeshPro", "Unity.TextMeshPro.csproj", "{0dc3a276-5962-e3bf-8f20-c775d076d1f4}"
EndProject
Project("{FAE04EC0-301F-11D3-BF4B-00C04F79EFBC}") = "Unity.Timeline", "Unity.Timeline.csproj", "{1ed272be-ccb4-84e6-888a-5fdacfdf9073}"
EndProject
Project("{FAE04EC0-301F-11D3-BF4B-00C04F79EFBC}") = "Unity.Services.Core.Environments", "Unity.Services.Core.Environments.csproj", "{e3d1be8a-6baa-22fd-288d-5df653d06ec6}"
EndProject
Project("{FAE04EC0-301F-11D3-BF4B-00C04F79EFBC}") = "Unity.Services.Core.Internal", "Unity.Services.Core.Internal.csproj", "{02add6de-854b-b218-df3e-229592ec3147}"
EndProject
Project("{FAE04EC0-301F-11D3-BF4B-00C04F79EFBC}") = "Unity.Services.Core.Analytics", "Unity.Services.Core.Analytics.csproj", "{f2dbbe05-272a-a30f-fe1c-ef35a53c8c1a}"
EndProject
Project("{FAE04EC0-301F-11D3-BF4B-00C04F79EFBC}") = "Unity.2D.SpriteShape.Runtime", "Unity.2D.SpriteShape.Runtime.csproj", "{bba3c66c-6e75-857c-6ac7-932d0ecf26c8}"
EndProject
Project("{FAE04EC0-301F-11D3-BF4B-00C04F79EFBC}") = "Assembly-CSharp", "Assembly-CSharp.csproj", "{b39d43e5-1645-4f4d-e061-f5dee96250b6}"
EndProject
Project("{FAE04EC0-301F-11D3-BF4B-00C04F79EFBC}") = "Unity.Services.Core.Scheduler", "Unity.Services.Core.Scheduler.csproj", "{a068f1f1-4dbf-ec35-9814-52357285a032}"
EndProject
Project("{FAE04EC0-301F-11D3-BF4B-00C04F79EFBC}") = "Unity.Services.Core.Registration", "Unity.Services.Core.Registration.csproj", "{bd6e834b-63c0-29bc-5b21-f8ae687630af}"
EndProject
Project("{FAE04EC0-301F-11D3-BF4B-00C04F79EFBC}") = "Unity.2D.PixelPerfect", "Unity.2D.PixelPerfect.csproj", "{a4e9be39-35d8-cb21-ce54-0488582ccacd}"
EndProject
Project("{FAE04EC0-301F-11D3-BF4B-00C04F79EFBC}") = "Unity.2D.Common.Runtime", "Unity.2D.Common.Runtime.csproj", "{dbf4c741-01e4-03e7-710d-95530a794414}"
EndProject
Project("{FAE04EC0-301F-11D3-BF4B-00C04F79EFBC}") = "Unity.2D.IK.Runtime", "Unity.2D.IK.Runtime.csproj", "{0ad1fc29-e827-e4ac-97d2-668ba0e2ae2b}"
EndProject
Project("{FAE04EC0-301F-11D3-BF4B-00C04F79EFBC}") = "Unity.Services.Core.Device", "Unity.Services.Core.Device.csproj", "{aa48e937-638c-5ddd-04e9-d4d6960e2e1d}"
EndProject
Project("{FAE04EC0-301F-11D3-BF4B-00C04F79EFBC}") = "Unity.Services.Core.Threading", "Unity.Services.Core.Threading.csproj", "{2a06c6ae-c1a1-1fb7-3143-6fa8494f41a9}"
EndProject
Project("{FAE04EC0-301F-11D3-BF4B-00C04F79EFBC}") = "Unity.2D.Tilemap.Extras", "Unity.2D.Tilemap.Extras.csproj", "{3add1567-3311-14cd-c866-22e29430e69b}"
EndProject
Project("{FAE04EC0-301F-11D3-BF4B-00C04F79EFBC}") = "Unity.Services.Core.Networking", "Unity.Services.Core.Networking.csproj", "{0a8b5784-f5f1-85cd-d0f9-40c1a101c2a1}"
EndProject
Project("{FAE04EC0-301F-11D3-BF4B-00C04F79EFBC}") = "Unity.Services.Core", "Unity.Services.Core.csproj", "{f1663f36-146f-88f4-c6b4-b3a493d0cd53}"
EndProject
Project("{FAE04EC0-301F-11D3-BF4B-00C04F79EFBC}") = "Unity.InternalAPIEngineBridge.001", "Unity.InternalAPIEngineBridge.001.csproj", "{6b3a67a8-e46e-434b-ba28-cc171c062331}"
EndProject
Project("{FAE04EC0-301F-11D3-BF4B-00C04F79EFBC}") = "Unity.Services.Core.Configuration", "Unity.Services.Core.Configuration.csproj", "{f0e9869f-b52e-0f9a-fefc-b0902f1dbd28}"
EndProject
Project("{FAE04EC0-301F-11D3-BF4B-00C04F79EFBC}") = "Unity.PlasticSCM.Editor", "Unity.PlasticSCM.Editor.csproj", "{155ab2d4-a975-7365-f090-41a4b1bd4db5}"
EndProject
Project("{FAE04EC0-301F-11D3-BF4B-00C04F79EFBC}") = "Unity.VisualScripting.Core.Editor", "Unity.VisualScripting.Core.Editor.csproj", "{b8036ae5-7bdc-288c-1676-b4879e48a4c9}"
EndProject
Project("{FAE04EC0-301F-11D3-BF4B-00C04F79EFBC}") = "Unity.VisualScripting.Flow.Editor", "Unity.VisualScripting.Flow.Editor.csproj", "{d5850e22-e9f8-a3f0-b0ba-e2cc9dc68f49}"
EndProject
Project("{FAE04EC0-301F-11D3-BF4B-00C04F79EFBC}") = "Unity.VisualStudio.Editor", "Unity.VisualStudio.Editor.csproj", "{f4f8c731-77b2-59d6-9c30-7dae8dcca259}"
EndProject
Project("{FAE04EC0-301F-11D3-BF4B-00C04F79EFBC}") = "Unity.Timeline.Editor", "Unity.Timeline.Editor.csproj", "{96cc374c-d3f5-7b93-e35e-ac59363ff1c2}"
EndProject
Project("{FAE04EC0-301F-11D3-BF4B-00C04F79EFBC}") = "Unity.VisualScripting.State.Editor", "Unity.VisualScripting.State.Editor.csproj", "{522c9ab7-e784-995d-392b-b4663ba96e5d}"
EndProject
Project("{FAE04EC0-301F-11D3-BF4B-00C04F79EFBC}") = "Unity.TextMeshPro.Editor", "Unity.TextMeshPro.Editor.csproj", "{84aaef77-c822-c1e1-5356-cf64eebc908e}"
EndProject
Project("{FAE04EC0-301F-11D3-BF4B-00C04F79EFBC}") = "Unity.2D.Animation.Editor", "Unity.2D.Animation.Editor.csproj", "{f5d7c06c-fb2c-40a0-6935-0491121e9dce}"
EndProject
Project("{FAE04EC0-301F-11D3-BF4B-00C04F79EFBC}") = "Unity.VisualScripting.SettingsProvider.Editor", "Unity.VisualScripting.SettingsProvider.Editor.csproj", "{af702429-d43e-24c8-4393-c0d98a23acff}"
EndProject
Project("{FAE04EC0-301F-11D3-BF4B-00C04F79EFBC}") = "Unity.CollabProxy.Editor", "Unity.CollabProxy.Editor.csproj", "{3629823b-2d03-1ade-4a8c-f75f19130248}"
EndProject
Project("{FAE04EC0-301F-11D3-BF4B-00C04F79EFBC}") = "UnityEditor.TestRunner", "UnityEditor.TestRunner.csproj", "{6d4acb91-60bb-de0e-8dd1-7ce7d930f747}"
EndProject
Project("{FAE04EC0-301F-11D3-BF4B-00C04F79EFBC}") = "Unity.Services.Core.Editor", "Unity.Services.Core.Editor.csproj", "{18431629-ff6d-5d10-605d-25ef15b00250}"
EndProject
Project("{FAE04EC0-301F-11D3-BF4B-00C04F79EFBC}") = "Unity.Rider.Editor", "Unity.Rider.Editor.csproj", "{4757b42d-44d4-1472-78f5-f780c1f89266}"
EndProject
Project("{FAE04EC0-301F-11D3-BF4B-00C04F79EFBC}") = "Unity.2D.Path.Editor", "Unity.2D.Path.Editor.csproj", "{facfee6e-6aa7-7a9c-af59-6b092ad3770e}"
EndProject
Project("{FAE04EC0-301F-11D3-BF4B-00C04F79EFBC}") = "PsdPlugin", "PsdPlugin.csproj", "{e069defd-ffa9-8c59-22aa-22fa3b7a9d46}"
EndProject
Project("{FAE04EC0-301F-11D3-BF4B-00C04F79EFBC}") = "Unity.2D.IK.Editor", "Unity.2D.IK.Editor.csproj", "{1e4f1528-ae03-b5ba-e9c5-4305d6506807}"
EndProject
Project("{FAE04EC0-301F-11D3-BF4B-00C04F79EFBC}") = "Unity.2D.Psdimporter.Editor", "Unity.2D.Psdimporter.Editor.csproj", "{032ee4cf-7573-da1d-2d68-824468ded267}"
EndProject
Project("{FAE04EC0-301F-11D3-BF4B-00C04F79EFBC}") = "Unity.2D.SpriteShape.Editor", "Unity.2D.SpriteShape.Editor.csproj", "{15cd2725-67ce-5a4d-e8cd-b2eaed44366a}"
EndProject
Project("{FAE04EC0-301F-11D3-BF4B-00C04F79EFBC}") = "Unity.Burst.CodeGen", "Unity.Burst.CodeGen.csproj", "{a493f7ac-8bff-237c-cbe5-2c7d3f23a2c6}"
EndProject
Project("{FAE04EC0-301F-11D3-BF4B-00C04F79EFBC}") = "Unity.2D.PixelPerfect.Editor", "Unity.2D.PixelPerfect.Editor.csproj", "{f1874a6e-c949-ab81-c3a7-2c0a5c58d571}"
EndProject
Project("{FAE04EC0-301F-11D3-BF4B-00C04F79EFBC}") = "Unity.VSCode.Editor", "Unity.VSCode.Editor.csproj", "{a2e4af49-eabf-47f2-4a21-8bd4a9047dd1}"
EndProject
Project("{FAE04EC0-301F-11D3-BF4B-00C04F79EFBC}") = "Unity.2D.Common.Editor", "Unity.2D.Common.Editor.csproj", "{3a74de15-e162-3a52-8508-856ab6cf6776}"
EndProject
Project("{FAE04EC0-301F-11D3-BF4B-00C04F79EFBC}") = "Unity.Mathematics.Editor", "Unity.Mathematics.Editor.csproj", "{52e590e6-a87a-e093-ed48-6b11c8c8df8e}"
EndProject
Project("{FAE04EC0-301F-11D3-BF4B-00C04F79EFBC}") = "Unity.Services.Core.Configuration.Editor", "Unity.Services.Core.Configuration.Editor.csproj", "{c54305ef-b6bc-44a5-3701-cbf65aa59389}"
EndProject
Project("{FAE04EC0-301F-11D3-BF4B-00C04F79EFBC}") = "Unity.2D.Tilemap.Extras.Editor", "Unity.2D.Tilemap.Extras.Editor.csproj", "{4ade2404-6a58-8459-9a0a-b19be6be2751}"
EndProject
Project("{FAE04EC0-301F-11D3-BF4B-00C04F79EFBC}") = "Unity.Burst.Editor", "Unity.Burst.Editor.csproj", "{037777af-b5d7-3f75-6b9f-9bb57c42b7ef}"
EndProject
Project("{FAE04EC0-301F-11D3-BF4B-00C04F79EFBC}") = "Unity.InternalAPIEditorBridge.001", "Unity.InternalAPIEditorBridge.001.csproj", "{ba5e581e-1ff3-49db-de32-163c4bc181a7}"
EndProject
Project("{FAE04EC0-301F-11D3-BF4B-00C04F79EFBC}") = "Unity.VisualScripting.Shared.Editor", "Unity.VisualScripting.Shared.Editor.csproj", "{ce836d15-d916-66a2-4c9a-7b5613e186e1}"
EndProject
Global
	GlobalSection(SolutionConfigurationPlatforms) = preSolution
		Debug|Any CPU = Debug|Any CPU
	EndGlobalSection
	GlobalSection(ProjectConfigurationPlatforms) = postSolution
		{581c93e5-89c1-0858-f596-9c302f786d40}.Debug|Any CPU.ActiveCfg = Debug|Any CPU
		{581c93e5-89c1-0858-f596-9c302f786d40}.Debug|Any CPU.Build.0 = Debug|Any CPU
		{3da589bd-9340-6bdc-1f7b-f9e407ef6f13}.Debug|Any CPU.ActiveCfg = Debug|Any CPU
		{3da589bd-9340-6bdc-1f7b-f9e407ef6f13}.Debug|Any CPU.Build.0 = Debug|Any CPU
		{94de17ea-9d83-1da1-0635-2a887f8d2d4c}.Debug|Any CPU.ActiveCfg = Debug|Any CPU
		{94de17ea-9d83-1da1-0635-2a887f8d2d4c}.Debug|Any CPU.Build.0 = Debug|Any CPU
		{b23363cd-c278-c4bd-af2e-b1238a8bd282}.Debug|Any CPU.ActiveCfg = Debug|Any CPU
		{b23363cd-c278-c4bd-af2e-b1238a8bd282}.Debug|Any CPU.Build.0 = Debug|Any CPU
		{a6ff2985-4c0f-0397-287a-2562fb01d3e9}.Debug|Any CPU.ActiveCfg = Debug|Any CPU
		{a6ff2985-4c0f-0397-287a-2562fb01d3e9}.Debug|Any CPU.Build.0 = Debug|Any CPU
		{c3da71f4-1d7a-2d29-e94e-8d4103238140}.Debug|Any CPU.ActiveCfg = Debug|Any CPU
		{c3da71f4-1d7a-2d29-e94e-8d4103238140}.Debug|Any CPU.Build.0 = Debug|Any CPU
		{ce941933-8a93-6dd5-e82c-34a7693bd56b}.Debug|Any CPU.ActiveCfg = Debug|Any CPU
		{ce941933-8a93-6dd5-e82c-34a7693bd56b}.Debug|Any CPU.Build.0 = Debug|Any CPU
		{1d66ccee-df1b-abe9-ea3d-7d063a391ea7}.Debug|Any CPU.ActiveCfg = Debug|Any CPU
		{1d66ccee-df1b-abe9-ea3d-7d063a391ea7}.Debug|Any CPU.Build.0 = Debug|Any CPU
		{91cf6e4f-ab09-90a2-0531-7bef1c5d6b7a}.Debug|Any CPU.ActiveCfg = Debug|Any CPU
		{91cf6e4f-ab09-90a2-0531-7bef1c5d6b7a}.Debug|Any CPU.Build.0 = Debug|Any CPU
		{0dc3a276-5962-e3bf-8f20-c775d076d1f4}.Debug|Any CPU.ActiveCfg = Debug|Any CPU
		{0dc3a276-5962-e3bf-8f20-c775d076d1f4}.Debug|Any CPU.Build.0 = Debug|Any CPU
		{1ed272be-ccb4-84e6-888a-5fdacfdf9073}.Debug|Any CPU.ActiveCfg = Debug|Any CPU
		{1ed272be-ccb4-84e6-888a-5fdacfdf9073}.Debug|Any CPU.Build.0 = Debug|Any CPU
		{e3d1be8a-6baa-22fd-288d-5df653d06ec6}.Debug|Any CPU.ActiveCfg = Debug|Any CPU
		{e3d1be8a-6baa-22fd-288d-5df653d06ec6}.Debug|Any CPU.Build.0 = Debug|Any CPU
		{02add6de-854b-b218-df3e-229592ec3147}.Debug|Any CPU.ActiveCfg = Debug|Any CPU
		{02add6de-854b-b218-df3e-229592ec3147}.Debug|Any CPU.Build.0 = Debug|Any CPU
		{f2dbbe05-272a-a30f-fe1c-ef35a53c8c1a}.Debug|Any CPU.ActiveCfg = Debug|Any CPU
		{f2dbbe05-272a-a30f-fe1c-ef35a53c8c1a}.Debug|Any CPU.Build.0 = Debug|Any CPU
		{bba3c66c-6e75-857c-6ac7-932d0ecf26c8}.Debug|Any CPU.ActiveCfg = Debug|Any CPU
		{bba3c66c-6e75-857c-6ac7-932d0ecf26c8}.Debug|Any CPU.Build.0 = Debug|Any CPU
		{b39d43e5-1645-4f4d-e061-f5dee96250b6}.Debug|Any CPU.ActiveCfg = Debug|Any CPU
		{b39d43e5-1645-4f4d-e061-f5dee96250b6}.Debug|Any CPU.Build.0 = Debug|Any CPU
		{a068f1f1-4dbf-ec35-9814-52357285a032}.Debug|Any CPU.ActiveCfg = Debug|Any CPU
		{a068f1f1-4dbf-ec35-9814-52357285a032}.Debug|Any CPU.Build.0 = Debug|Any CPU
		{bd6e834b-63c0-29bc-5b21-f8ae687630af}.Debug|Any CPU.ActiveCfg = Debug|Any CPU
		{bd6e834b-63c0-29bc-5b21-f8ae687630af}.Debug|Any CPU.Build.0 = Debug|Any CPU
		{a4e9be39-35d8-cb21-ce54-0488582ccacd}.Debug|Any CPU.ActiveCfg = Debug|Any CPU
		{a4e9be39-35d8-cb21-ce54-0488582ccacd}.Debug|Any CPU.Build.0 = Debug|Any CPU
		{dbf4c741-01e4-03e7-710d-95530a794414}.Debug|Any CPU.ActiveCfg = Debug|Any CPU
		{dbf4c741-01e4-03e7-710d-95530a794414}.Debug|Any CPU.Build.0 = Debug|Any CPU
		{0ad1fc29-e827-e4ac-97d2-668ba0e2ae2b}.Debug|Any CPU.ActiveCfg = Debug|Any CPU
		{0ad1fc29-e827-e4ac-97d2-668ba0e2ae2b}.Debug|Any CPU.Build.0 = Debug|Any CPU
		{aa48e937-638c-5ddd-04e9-d4d6960e2e1d}.Debug|Any CPU.ActiveCfg = Debug|Any CPU
		{aa48e937-638c-5ddd-04e9-d4d6960e2e1d}.Debug|Any CPU.Build.0 = Debug|Any CPU
		{2a06c6ae-c1a1-1fb7-3143-6fa8494f41a9}.Debug|Any CPU.ActiveCfg = Debug|Any CPU
		{2a06c6ae-c1a1-1fb7-3143-6fa8494f41a9}.Debug|Any CPU.Build.0 = Debug|Any CPU
		{3add1567-3311-14cd-c866-22e29430e69b}.Debug|Any CPU.ActiveCfg = Debug|Any CPU
		{3add1567-3311-14cd-c866-22e29430e69b}.Debug|Any CPU.Build.0 = Debug|Any CPU
		{0a8b5784-f5f1-85cd-d0f9-40c1a101c2a1}.Debug|Any CPU.ActiveCfg = Debug|Any CPU
		{0a8b5784-f5f1-85cd-d0f9-40c1a101c2a1}.Debug|Any CPU.Build.0 = Debug|Any CPU
		{f1663f36-146f-88f4-c6b4-b3a493d0cd53}.Debug|Any CPU.ActiveCfg = Debug|Any CPU
		{f1663f36-146f-88f4-c6b4-b3a493d0cd53}.Debug|Any CPU.Build.0 = Debug|Any CPU
		{6b3a67a8-e46e-434b-ba28-cc171c062331}.Debug|Any CPU.ActiveCfg = Debug|Any CPU
		{6b3a67a8-e46e-434b-ba28-cc171c062331}.Debug|Any CPU.Build.0 = Debug|Any CPU
		{f0e9869f-b52e-0f9a-fefc-b0902f1dbd28}.Debug|Any CPU.ActiveCfg = Debug|Any CPU
		{f0e9869f-b52e-0f9a-fefc-b0902f1dbd28}.Debug|Any CPU.Build.0 = Debug|Any CPU
		{155ab2d4-a975-7365-f090-41a4b1bd4db5}.Debug|Any CPU.ActiveCfg = Debug|Any CPU
		{155ab2d4-a975-7365-f090-41a4b1bd4db5}.Debug|Any CPU.Build.0 = Debug|Any CPU
		{b8036ae5-7bdc-288c-1676-b4879e48a4c9}.Debug|Any CPU.ActiveCfg = Debug|Any CPU
		{b8036ae5-7bdc-288c-1676-b4879e48a4c9}.Debug|Any CPU.Build.0 = Debug|Any CPU
		{d5850e22-e9f8-a3f0-b0ba-e2cc9dc68f49}.Debug|Any CPU.ActiveCfg = Debug|Any CPU
		{d5850e22-e9f8-a3f0-b0ba-e2cc9dc68f49}.Debug|Any CPU.Build.0 = Debug|Any CPU
		{f4f8c731-77b2-59d6-9c30-7dae8dcca259}.Debug|Any CPU.ActiveCfg = Debug|Any CPU
		{f4f8c731-77b2-59d6-9c30-7dae8dcca259}.Debug|Any CPU.Build.0 = Debug|Any CPU
		{96cc374c-d3f5-7b93-e35e-ac59363ff1c2}.Debug|Any CPU.ActiveCfg = Debug|Any CPU
		{96cc374c-d3f5-7b93-e35e-ac59363ff1c2}.Debug|Any CPU.Build.0 = Debug|Any CPU
		{522c9ab7-e784-995d-392b-b4663ba96e5d}.Debug|Any CPU.ActiveCfg = Debug|Any CPU
		{522c9ab7-e784-995d-392b-b4663ba96e5d}.Debug|Any CPU.Build.0 = Debug|Any CPU
		{84aaef77-c822-c1e1-5356-cf64eebc908e}.Debug|Any CPU.ActiveCfg = Debug|Any CPU
		{84aaef77-c822-c1e1-5356-cf64eebc908e}.Debug|Any CPU.Build.0 = Debug|Any CPU
		{f5d7c06c-fb2c-40a0-6935-0491121e9dce}.Debug|Any CPU.ActiveCfg = Debug|Any CPU
		{f5d7c06c-fb2c-40a0-6935-0491121e9dce}.Debug|Any CPU.Build.0 = Debug|Any CPU
		{af702429-d43e-24c8-4393-c0d98a23acff}.Debug|Any CPU.ActiveCfg = Debug|Any CPU
		{af702429-d43e-24c8-4393-c0d98a23acff}.Debug|Any CPU.Build.0 = Debug|Any CPU
		{3629823b-2d03-1ade-4a8c-f75f19130248}.Debug|Any CPU.ActiveCfg = Debug|Any CPU
		{3629823b-2d03-1ade-4a8c-f75f19130248}.Debug|Any CPU.Build.0 = Debug|Any CPU
		{6d4acb91-60bb-de0e-8dd1-7ce7d930f747}.Debug|Any CPU.ActiveCfg = Debug|Any CPU
		{6d4acb91-60bb-de0e-8dd1-7ce7d930f747}.Debug|Any CPU.Build.0 = Debug|Any CPU
		{18431629-ff6d-5d10-605d-25ef15b00250}.Debug|Any CPU.ActiveCfg = Debug|Any CPU
		{18431629-ff6d-5d10-605d-25ef15b00250}.Debug|Any CPU.Build.0 = Debug|Any CPU
		{4757b42d-44d4-1472-78f5-f780c1f89266}.Debug|Any CPU.ActiveCfg = Debug|Any CPU
		{4757b42d-44d4-1472-78f5-f780c1f89266}.Debug|Any CPU.Build.0 = Debug|Any CPU
		{facfee6e-6aa7-7a9c-af59-6b092ad3770e}.Debug|Any CPU.ActiveCfg = Debug|Any CPU
		{facfee6e-6aa7-7a9c-af59-6b092ad3770e}.Debug|Any CPU.Build.0 = Debug|Any CPU
		{e069defd-ffa9-8c59-22aa-22fa3b7a9d46}.Debug|Any CPU.ActiveCfg = Debug|Any CPU
		{e069defd-ffa9-8c59-22aa-22fa3b7a9d46}.Debug|Any CPU.Build.0 = Debug|Any CPU
		{1e4f1528-ae03-b5ba-e9c5-4305d6506807}.Debug|Any CPU.ActiveCfg = Debug|Any CPU
		{1e4f1528-ae03-b5ba-e9c5-4305d6506807}.Debug|Any CPU.Build.0 = Debug|Any CPU
		{032ee4cf-7573-da1d-2d68-824468ded267}.Debug|Any CPU.ActiveCfg = Debug|Any CPU
		{032ee4cf-7573-da1d-2d68-824468ded267}.Debug|Any CPU.Build.0 = Debug|Any CPU
		{15cd2725-67ce-5a4d-e8cd-b2eaed44366a}.Debug|Any CPU.ActiveCfg = Debug|Any CPU
		{15cd2725-67ce-5a4d-e8cd-b2eaed44366a}.Debug|Any CPU.Build.0 = Debug|Any CPU
		{a493f7ac-8bff-237c-cbe5-2c7d3f23a2c6}.Debug|Any CPU.ActiveCfg = Debug|Any CPU
		{a493f7ac-8bff-237c-cbe5-2c7d3f23a2c6}.Debug|Any CPU.Build.0 = Debug|Any CPU
		{f1874a6e-c949-ab81-c3a7-2c0a5c58d571}.Debug|Any CPU.ActiveCfg = Debug|Any CPU
		{f1874a6e-c949-ab81-c3a7-2c0a5c58d571}.Debug|Any CPU.Build.0 = Debug|Any CPU
		{a2e4af49-eabf-47f2-4a21-8bd4a9047dd1}.Debug|Any CPU.ActiveCfg = Debug|Any CPU
		{a2e4af49-eabf-47f2-4a21-8bd4a9047dd1}.Debug|Any CPU.Build.0 = Debug|Any CPU
		{3a74de15-e162-3a52-8508-856ab6cf6776}.Debug|Any CPU.ActiveCfg = Debug|Any CPU
		{3a74de15-e162-3a52-8508-856ab6cf6776}.Debug|Any CPU.Build.0 = Debug|Any CPU
		{52e590e6-a87a-e093-ed48-6b11c8c8df8e}.Debug|Any CPU.ActiveCfg = Debug|Any CPU
		{52e590e6-a87a-e093-ed48-6b11c8c8df8e}.Debug|Any CPU.Build.0 = Debug|Any CPU
		{c54305ef-b6bc-44a5-3701-cbf65aa59389}.Debug|Any CPU.ActiveCfg = Debug|Any CPU
		{c54305ef-b6bc-44a5-3701-cbf65aa59389}.Debug|Any CPU.Build.0 = Debug|Any CPU
		{4ade2404-6a58-8459-9a0a-b19be6be2751}.Debug|Any CPU.ActiveCfg = Debug|Any CPU
		{4ade2404-6a58-8459-9a0a-b19be6be2751}.Debug|Any CPU.Build.0 = Debug|Any CPU
		{037777af-b5d7-3f75-6b9f-9bb57c42b7ef}.Debug|Any CPU.ActiveCfg = Debug|Any CPU
		{037777af-b5d7-3f75-6b9f-9bb57c42b7ef}.Debug|Any CPU.Build.0 = Debug|Any CPU
		{ba5e581e-1ff3-49db-de32-163c4bc181a7}.Debug|Any CPU.ActiveCfg = Debug|Any CPU
		{ba5e581e-1ff3-49db-de32-163c4bc181a7}.Debug|Any CPU.Build.0 = Debug|Any CPU
		{ce836d15-d916-66a2-4c9a-7b5613e186e1}.Debug|Any CPU.ActiveCfg = Debug|Any CPU
		{ce836d15-d916-66a2-4c9a-7b5613e186e1}.Debug|Any CPU.Build.0 = Debug|Any CPU
	EndGlobalSection
	GlobalSection(SolutionProperties) = preSolution
		HideSolutionNode = FALSE
	EndGlobalSection
EndGlobal
